
Microsoft Visual Studio Solution File, Format Version 12.00
# Visual Studio 2012
Project("{FAE04EC0-301F-11D3-BF4B-00C04F79EFBC}") = "CrmPackage1", "CrmPackage1\CrmPackage1.csproj", "{FB862938-B7DE-4C72-BAB0-6C03FE4F886C}"
EndProject
Global
	GlobalSection(CRMSolutionProperties) = preSolution
		SolutionIsBoundToCRM = True
	EndGlobalSection
	GlobalSection(SolutionConfigurationPlatforms) = preSolution
		Debug|Any CPU = Debug|Any CPU
		Release|Any CPU = Release|Any CPU
	EndGlobalSection
	GlobalSection(ProjectConfigurationPlatforms) = postSolution
		{FB862938-B7DE-4C72-BAB0-6C03FE4F886C}.Debug|Any CPU.ActiveCfg = Debug|Any CPU
		{FB862938-B7DE-4C72-BAB0-6C03FE4F886C}.Debug|Any CPU.Build.0 = Debug|Any CPU
		{FB862938-B7DE-4C72-BAB0-6C03FE4F886C}.Debug|Any CPU.Deploy.0 = Debug|Any CPU
		{FB862938-B7DE-4C72-BAB0-6C03FE4F886C}.Release|Any CPU.ActiveCfg = Release|Any CPU
		{FB862938-B7DE-4C72-BAB0-6C03FE4F886C}.Release|Any CPU.Build.0 = Release|Any CPU
		{FB862938-B7DE-4C72-BAB0-6C03FE4F886C}.Release|Any CPU.Deploy.0 = Release|Any CPU
	EndGlobalSection
	GlobalSection(SolutionProperties) = preSolution
		HideSolutionNode = FALSE
	EndGlobalSection
EndGlobal
